
Microsoft Visual Studio Solution File, Format Version 12.00
# Visual Studio 14
VisualStudioVersion = 14.0.25420.1
MinimumVisualStudioVersion = 10.0.40219.1
Project("{FAE04EC0-301F-11D3-BF4B-00C04F79EFBC}") = "OcphSMSLibDemo", "OcphSMSLibDemo\OcphSMSLibDemo.csproj", "{92E18C2E-B692-4832-ADB1-977C4429A2B0}"
EndProject
Project("{FAE04EC0-301F-11D3-BF4B-00C04F79EFBC}") = "OcphSMSLib", "OcphSMSLib\OcphSMSLib.csproj", "{31FE0F53-5D32-454F-B40A-AD09E6F3EDB1}"
EndProject
Global
	GlobalSection(SolutionConfigurationPlatforms) = preSolution
		Debug|Any CPU = Debug|Any CPU
		Release|Any CPU = Release|Any CPU
	EndGlobalSection
	GlobalSection(ProjectConfigurationPlatforms) = postSolution
		{92E18C2E-B692-4832-ADB1-977C4429A2B0}.Debug|Any CPU.ActiveCfg = Debug|Any CPU
		{92E18C2E-B692-4832-ADB1-977C4429A2B0}.Debug|Any CPU.Build.0 = Debug|Any CPU
		{92E18C2E-B692-4832-ADB1-977C4429A2B0}.Release|Any CPU.ActiveCfg = Release|Any CPU
		{92E18C2E-B692-4832-ADB1-977C4429A2B0}.Release|Any CPU.Build.0 = Release|Any CPU
		{31FE0F53-5D32-454F-B40A-AD09E6F3EDB1}.Debug|Any CPU.ActiveCfg = Debug|Any CPU
		{31FE0F53-5D32-454F-B40A-AD09E6F3EDB1}.Debug|Any CPU.Build.0 = Debug|Any CPU
		{31FE0F53-5D32-454F-B40A-AD09E6F3EDB1}.Release|Any CPU.ActiveCfg = Release|Any CPU
		{31FE0F53-5D32-454F-B40A-AD09E6F3EDB1}.Release|Any CPU.Build.0 = Release|Any CPU
	EndGlobalSection
	GlobalSection(SolutionProperties) = preSolution
		HideSolutionNode = FALSE
	EndGlobalSection
EndGlobal
